// !$*UTF8*$!
{
	archiveVersion = 1;
	classes = {
	};
	objectVersion = 46;
	objects = {

/* Begin PBXBuildFile section */
		451208181D43B52100630C1E /* AppDelegate.swift in Sources */ = {isa = PBXBuildFile; fileRef = 451208171D43B52100630C1E /* AppDelegate.swift */; };
		4512081A1D43B52100630C1E /* ViewController.swift in Sources */ = {isa = PBXBuildFile; fileRef = 451208191D43B52100630C1E /* ViewController.swift */; };
		4512081D1D43B52100630C1E /* Main.storyboard in Resources */ = {isa = PBXBuildFile; fileRef = 4512081B1D43B52100630C1E /* Main.storyboard */; };
		451208201D43B52100630C1E /* Starter.xcdatamodeld in Sources */ = {isa = PBXBuildFile; fileRef = 4512081E1D43B52100630C1E /* Starter.xcdatamodeld */; };
		451208221D43B52100630C1E /* Assets.xcassets in Resources */ = {isa = PBXBuildFile; fileRef = 451208211D43B52100630C1E /* Assets.xcassets */; };
		451208251D43B52100630C1E /* LaunchScreen.storyboard in Resources */ = {isa = PBXBuildFile; fileRef = 451208231D43B52100630C1E /* LaunchScreen.storyboard */; };
		45CDFE391D4D733E0084ABF4 /* platform.js in Resources */ = {isa = PBXBuildFile; fileRef = 45CDFE381D4D733E0084ABF4 /* platform.js */; };
		45F299AF1D48DC7000438EDB /* www in Resources */ = {isa = PBXBuildFile; fileRef = 45F299AE1D48DC7000438EDB /* www */; };
/* End PBXBuildFile section */

/* Begin PBXFileReference section */
		451208141D43B52100630C1E /* Starter.app */ = {isa = PBXFileReference; explicitFileType = wrapper.application; includeInIndex = 0; path = Starter.app; sourceTree = BUILT_PRODUCTS_DIR; };
		451208171D43B52100630C1E /* AppDelegate.swift */ = {isa = PBXFileReference; lastKnownFileType = sourcecode.swift; path = AppDelegate.swift; sourceTree = "<group>"; };
		451208191D43B52100630C1E /* ViewController.swift */ = {isa = PBXFileReference; lastKnownFileType = sourcecode.swift; path = ViewController.swift; sourceTree = "<group>"; };
		4512081C1D43B52100630C1E /* Base */ = {isa = PBXFileReference; lastKnownFileType = file.storyboard; name = Base; path = Base.lproj/Main.storyboard; sourceTree = "<group>"; };
		4512081F1D43B52100630C1E /* Starter.xcdatamodel */ = {isa = PBXFileReference; lastKnownFileType = wrapper.xcdatamodel; path = Starter.xcdatamodel; sourceTree = "<group>"; };
		451208211D43B52100630C1E /* Assets.xcassets */ = {isa = PBXFileReference; lastKnownFileType = folder.assetcatalog; path = Assets.xcassets; sourceTree = "<group>"; };
		451208241D43B52100630C1E /* Base */ = {isa = PBXFileReference; lastKnownFileType = file.storyboard; name = Base; path = Base.lproj/LaunchScreen.storyboard; sourceTree = "<group>"; };
		451208261D43B52100630C1E /* Info.plist */ = {isa = PBXFileReference; lastKnownFileType = text.plist.xml; path = Info.plist; sourceTree = "<group>"; };
		45CDFE381D4D733E0084ABF4 /* platform.js */ = {isa = PBXFileReference; fileEncoding = 4; lastKnownFileType = sourcecode.javascript; path = platform.js; sourceTree = SOURCE_ROOT; };
		45F299AE1D48DC7000438EDB /* www */ = {isa = PBXFileReference; lastKnownFileType = folder; path = www; sourceTree = SOURCE_ROOT; };
/* End PBXFileReference section */

/* Begin PBXFrameworksBuildPhase section */
		451208111D43B52100630C1E /* Frameworks */ = {
			isa = PBXFrameworksBuildPhase;
			buildActionMask = 2147483647;
			files = (
			);
			runOnlyForDeploymentPostprocessing = 0;
		};
/* End PBXFrameworksBuildPhase section */

/* Begin PBXGroup section */
		4512080B1D43B52100630C1E = {
			isa = PBXGroup;
			children = (
				451208161D43B52100630C1E /* Starter */,
				451208151D43B52100630C1E /* Products */,
			);
			sourceTree = "<group>";
		};
		451208151D43B52100630C1E /* Products */ = {
			isa = PBXGroup;
			children = (
				451208141D43B52100630C1E /* Starter.app */,
			);
			name = Products;
			sourceTree = "<group>";
		};
		451208161D43B52100630C1E /* Starter */ = {
			isa = PBXGroup;
			children = (
				45CDFE381D4D733E0084ABF4 /* platform.js */,
				45F299AE1D48DC7000438EDB /* www */,
				451208171D43B52100630C1E /* AppDelegate.swift */,
				451208191D43B52100630C1E /* ViewController.swift */,
				4512081B1D43B52100630C1E /* Main.storyboard */,
				451208211D43B52100630C1E /* Assets.xcassets */,
				451208231D43B52100630C1E /* LaunchScreen.storyboard */,
				451208261D43B52100630C1E /* Info.plist */,
				4512081E1D43B52100630C1E /* Starter.xcdatamodeld */,
			);
			path = Starter;
			sourceTree = "<group>";
		};
/* End PBXGroup section */

/* Begin PBXNativeTarget section */
		451208131D43B52100630C1E /* Starter */ = {
			isa = PBXNativeTarget;
			buildConfigurationList = 451208291D43B52100630C1E /* Build configuration list for PBXNativeTarget "Starter" */;
			buildPhases = (
				451208101D43B52100630C1E /* Sources */,
				451208111D43B52100630C1E /* Frameworks */,
				451208121D43B52100630C1E /* Resources */,
			);
			buildRules = (
			);
			dependencies = (
			);
			name = Starter;
			productName = Starter;
			productReference = 451208141D43B52100630C1E /* Starter.app */;
			productType = "com.apple.product-type.application";
		};
/* End PBXNativeTarget section */

/* Begin PBXProject section */
		4512080C1D43B52100630C1E /* Project object */ = {
			isa = PBXProject;
			attributes = {
				LastSwiftUpdateCheck = 0730;
				LastUpgradeCheck = 0730;
				ORGANIZATIONNAME = "Julien Rouzieres";
				TargetAttributes = {
					451208131D43B52100630C1E = {
						CreatedOnToolsVersion = 7.3.1;
					};
				};
			};
			buildConfigurationList = 4512080F1D43B52100630C1E /* Build configuration list for PBXProject "Starter" */;
			compatibilityVersion = "Xcode 3.2";
			developmentRegion = English;
			hasScannedForEncodings = 0;
			knownRegions = (
				en,
				Base,
			);
			mainGroup = 4512080B1D43B52100630C1E;
			productRefGroup = 451208151D43B52100630C1E /* Products */;
			projectDirPath = "";
			projectRoot = "";
			targets = (
				451208131D43B52100630C1E /* Starter */,
			);
		};
/* End PBXProject section */

/* Begin PBXResourcesBuildPhase section */
		451208121D43B52100630C1E /* Resources */ = {
			isa = PBXResourcesBuildPhase;
			buildActionMask = 2147483647;
			files = (
				45F299AF1D48DC7000438EDB /* www in Resources */,
				451208251D43B52100630C1E /* LaunchScreen.storyboard in Resources */,
				45CDFE391D4D733E0084ABF4 /* platform.js in Resources */,
				451208221D43B52100630C1E /* Assets.xcassets in Resources */,
				4512081D1D43B52100630C1E /* Main.storyboard in Resources */,
			);
			runOnlyForDeploymentPostprocessing = 0;
		};
/* End PBXResourcesBuildPhase section */

/* Begin PBXSourcesBuildPhase section */
		451208101D43B52100630C1E /* Sources */ = {
			isa = PBXSourcesBuildPhase;
			buildActionMask = 2147483647;
			files = (
				4512081A1D43B52100630C1E /* ViewController.swift in Sources */,
				451208201D43B52100630C1E /* Starter.xcdatamodeld in Sources */,
				451208181D43B52100630C1E /* AppDelegate.swift in Sources */,
			);
			runOnlyForDeploymentPostprocessing = 0;
		};
/* End PBXSourcesBuildPhase section */

/* Begin PBXVariantGroup section */
		4512081B1D43B52100630C1E /* Main.storyboard */ = {
			isa = PBXVariantGroup;
			children = (
				4512081C1D43B52100630C1E /* Base */,
			);
			name = Main.storyboard;
			sourceTree = "<group>";
		};
		451208231D43B52100630C1E /* LaunchScreen.storyboard */ = {
			isa = PBXVariantGroup;
			children = (
				451208241D43B52100630C1E /* Base */,
			);
			name = LaunchScreen.storyboard;
			sourceTree = "<group>";
		};
/* End PBXVariantGroup section */

/* Begin XCBuildConfiguration section */
		451208271D43B52100630C1E /* Debug */ = {
			isa = XCBuildConfiguration;
			buildSettings = {
				ALWAYS_SEARCH_USER_PATHS = NO;
				CLANG_ANALYZER_NONNULL = YES;
				CLANG_CXX_LANGUAGE_STANDARD = "gnu++0x";
				CLANG_CXX_LIBRARY = "libc++";
				CLANG_ENABLE_MODULES = YES;
				CLANG_ENABLE_OBJC_ARC = YES;
				CLANG_WARN_BOOL_CONVERSION = YES;
				CLANG_WARN_CONSTANT_CONVERSION = YES;
				CLANG_WARN_DIRECT_OBJC_ISA_USAGE = YES_ERROR;
				CLANG_WARN_EMPTY_BODY = YES;
				CLANG_WARN_ENUM_CONVERSION = YES;
				CLANG_WARN_INT_CONVERSION = YES;
				CLANG_WARN_OBJC_ROOT_CLASS = YES_ERROR;
				CLANG_WARN_UNREACHABLE_CODE = YES;
				CLANG_WARN__DUPLICATE_METHOD_MATCH = YES;
				"CODE_SIGN_IDENTITY[sdk=iphoneos*]" = "iPhone Developer";
				COPY_PHASE_STRIP = NO;
				DEBUG_INFORMATION_FORMAT = dwarf;
				ENABLE_STRICT_OBJC_MSGSEND = YES;
				ENABLE_TESTABILITY = YES;
				GCC_C_LANGUAGE_STANDARD = gnu99;
				GCC_DYNAMIC_NO_PIC = NO;
				GCC_NO_COMMON_BLOCKS = YES;
				GCC_OPTIMIZATION_LEVEL = 0;
				GCC_PREPROCESSOR_DEFINITIONS = (
					"DEBUG=1",
					"$(inherited)",
				);
				GCC_WARN_64_TO_32_BIT_CONVERSION = YES;
				GCC_WARN_ABOUT_RETURN_TYPE = YES_ERROR;
				GCC_WARN_UNDECLARED_SELECTOR = YES;
				GCC_WARN_UNINITIALIZED_AUTOS = YES_AGGRESSIVE;
				GCC_WARN_UNUSED_FUNCTION = YES;
				GCC_WARN_UNUSED_VARIABLE = YES;
				IPHONEOS_DEPLOYMENT_TARGET = 9.3;
				MTL_ENABLE_DEBUG_INFO = YES;
				ONLY_ACTIVE_ARCH = YES;
				SDKROOT = iphoneos;
				SWIFT_OPTIMIZATION_LEVEL = "-Onone";
				TARGETED_DEVICE_FAMILY = "1,2";
			};
			name = Debug;
		};
		451208281D43B52100630C1E /* Release */ = {
			isa = XCBuildConfiguration;
			buildSettings = {
				ALWAYS_SEARCH_USER_PATHS = NO;
				CLANG_ANALYZER_NONNULL = YES;
				CLANG_CXX_LANGUAGE_STANDARD = "gnu++0x";
				CLANG_CXX_LIBRARY = "libc++";
				CLANG_ENABLE_MODULES = YES;
				CLANG_ENABLE_OBJC_ARC = YES;
				CLANG_WARN_BOOL_CONVERSION = YES;
				CLANG_WARN_CONSTANT_CONVERSION = YES;
				CLANG_WARN_DIRECT_OBJC_ISA_USAGE = YES_ERROR;
				CLANG_WARN_EMPTY_BODY = YES;
				CLANG_WARN_ENUM_CONVERSION = YES;
				CLANG_WARN_INT_CONVERSION = YES;
				CLANG_WARN_OBJC_ROOT_CLASS = YES_ERROR;
				CLANG_WARN_UNREACHABLE_CODE = YES;
				CLANG_WARN__DUPLICATE_METHOD_MATCH = YES;
				"CODE_SIGN_IDENTITY[sdk=iphoneos*]" = "iPhone Developer";
				COPY_PHASE_STRIP = NO;
				DEBUG_INFORMATION_FORMAT = "dwarf-with-dsym";
				ENABLE_NS_ASSERTIONS = NO;
				ENABLE_STRICT_OBJC_MSGSEND = YES;
				GCC_C_LANGUAGE_STANDARD = gnu99;
				GCC_NO_COMMON_BLOCKS = YES;
				GCC_WARN_64_TO_32_BIT_CONVERSION = YES;
				GCC_WARN_ABOUT_RETURN_TYPE = YES_ERROR;
				GCC_WARN_UNDECLARED_SELECTOR = YES;
				GCC_WARN_UNINITIALIZED_AUTOS = YES_AGGRESSIVE;
				GCC_WARN_UNUSED_FUNCTION = YES;
				GCC_WARN_UNUSED_VARIABLE = YES;
				IPHONEOS_DEPLOYMENT_TARGET = 9.3;
				MTL_ENABLE_DEBUG_INFO = NO;
				SDKROOT = iphoneos;
				TARGETED_DEVICE_FAMILY = "1,2";
				VALIDATE_PRODUCT = YES;
			};
			name = Release;
		};
		4512082A1D43B52100630C1E /* Debug */ = {
			isa = XCBuildConfiguration;
			buildSettings = {
				ASSETCATALOG_COMPILER_APPICON_NAME = AppIcon;
				INFOPLIST_FILE = Starter/Info.plist;
				LD_RUNPATH_SEARCH_PATHS = "$(inherited) @executable_path/Frameworks";
				PRODUCT_BUNDLE_IDENTIFIER = lajule.Starter;
				PRODUCT_NAME = "$(TARGET_NAME)";
			};
			name = Debug;
		};
		4512082B1D43B52100630C1E /* Release */ = {
			isa = XCBuildConfiguration;
			buildSettings = {
				ASSETCATALOG_COMPILER_APPICON_NAME = AppIcon;
				INFOPLIST_FILE = Starter/Info.plist;
				LD_RUNPATH_SEARCH_PATHS = "$(inherited) @executable_path/Frameworks";
				PRODUCT_BUNDLE_IDENTIFIER = lajule.Starter;
				PRODUCT_NAME = "$(TARGET_NAME)";
			};
			name = Release;
		};
/* End XCBuildConfiguration section */

/* Begin XCConfigurationList section */
		4512080F1D43B52100630C1E /* Build configuration list for PBXProject "Starter" */ = {
			isa = XCConfigurationList;
			buildConfigurations = (
				451208271D43B52100630C1E /* Debug */,
				451208281D43B52100630C1E /* Release */,
			);
			defaultConfigurationIsVisible = 0;
			defaultConfigurationName = Release;
		};
		451208291D43B52100630C1E /* Build configuration list for PBXNativeTarget "Starter" */ = {
			isa = XCConfigurationList;
			buildConfigurations = (
				4512082A1D43B52100630C1E /* Debug */,
				4512082B1D43B52100630C1E /* Release */,
			);
			defaultConfigurationIsVisible = 0;
			defaultConfigurationName = Release;
		};
/* End XCConfigurationList section */

/* Begin XCVersionGroup section */
		4512081E1D43B52100630C1E /* Starter.xcdatamodeld */ = {
			isa = XCVersionGroup;
			children = (
				4512081F1D43B52100630C1E /* Starter.xcdatamodel */,
			);
			currentVersion = 4512081F1D43B52100630C1E /* Starter.xcdatamodel */;
			path = Starter.xcdatamodeld;
			sourceTree = "<group>";
			versionGroupType = wrapper.xcdatamodel;
		};
/* End XCVersionGroup section */
	};
	rootObject = 4512080C1D43B52100630C1E /* Project object */;
}
