// !$*UTF8*$!
{
	archiveVersion = 1;
	classes = {
	};
	objectVersion = 46;
	objects = {

/* Begin PBXBuildFile section */
		457486AF1D6FA7A200BB97AE /* ScriptMessageHandler.swift in Sources */ = {isa = PBXBuildFile; fileRef = 457486AE1D6FA7A200BB97AE /* ScriptMessageHandler.swift */; };
		457486B11D6FAF0400BB97AE /* NavigationDelegate.swift in Sources */ = {isa = PBXBuildFile; fileRef = 457486B01D6FAF0400BB97AE /* NavigationDelegate.swift */; };
		4583EB851D5215D10071F778 /* platform.js in Resources */ = {isa = PBXBuildFile; fileRef = 4583EB831D5215D10071F778 /* platform.js */; };
		4583EB861D5215D10071F778 /* www in Resources */ = {isa = PBXBuildFile; fileRef = 4583EB841D5215D10071F778 /* www */; };
		45F3F40C1D5213F900932160 /* AppDelegate.swift in Sources */ = {isa = PBXBuildFile; fileRef = 45F3F40B1D5213F900932160 /* AppDelegate.swift */; };
		45F3F40E1D5213F900932160 /* ViewController.swift in Sources */ = {isa = PBXBuildFile; fileRef = 45F3F40D1D5213F900932160 /* ViewController.swift */; };
		45F3F4111D5213F900932160 /* Main.storyboard in Resources */ = {isa = PBXBuildFile; fileRef = 45F3F40F1D5213F900932160 /* Main.storyboard */; };
		45F3F4141D5213F900932160 /* AppShell.xcdatamodeld in Sources */ = {isa = PBXBuildFile; fileRef = 45F3F4121D5213F900932160 /* AppShell.xcdatamodeld */; };
		45F3F4161D5213F900932160 /* Assets.xcassets in Resources */ = {isa = PBXBuildFile; fileRef = 45F3F4151D5213F900932160 /* Assets.xcassets */; };
		45F3F4191D5213F900932160 /* LaunchScreen.storyboard in Resources */ = {isa = PBXBuildFile; fileRef = 45F3F4171D5213F900932160 /* LaunchScreen.storyboard */; };
		45F3F4241D5213F900932160 /* AppShellTests.swift in Sources */ = {isa = PBXBuildFile; fileRef = 45F3F4231D5213F900932160 /* AppShellTests.swift */; };
		45F3F42F1D5213F900932160 /* AppShellUITests.swift in Sources */ = {isa = PBXBuildFile; fileRef = 45F3F42E1D5213F900932160 /* AppShellUITests.swift */; };
/* End PBXBuildFile section */

/* Begin PBXContainerItemProxy section */
		45F3F4201D5213F900932160 /* PBXContainerItemProxy */ = {
			isa = PBXContainerItemProxy;
			containerPortal = 45F3F4001D5213F900932160 /* Project object */;
			proxyType = 1;
			remoteGlobalIDString = 45F3F4071D5213F900932160;
			remoteInfo = AppShell;
		};
		45F3F42B1D5213F900932160 /* PBXContainerItemProxy */ = {
			isa = PBXContainerItemProxy;
			containerPortal = 45F3F4001D5213F900932160 /* Project object */;
			proxyType = 1;
			remoteGlobalIDString = 45F3F4071D5213F900932160;
			remoteInfo = AppShell;
		};
/* End PBXContainerItemProxy section */

/* Begin PBXFileReference section */
		457486AE1D6FA7A200BB97AE /* ScriptMessageHandler.swift */ = {isa = PBXFileReference; fileEncoding = 4; lastKnownFileType = sourcecode.swift; path = ScriptMessageHandler.swift; sourceTree = "<group>"; };
		457486B01D6FAF0400BB97AE /* NavigationDelegate.swift */ = {isa = PBXFileReference; fileEncoding = 4; lastKnownFileType = sourcecode.swift; path = NavigationDelegate.swift; sourceTree = "<group>"; };
		4583EB831D5215D10071F778 /* platform.js */ = {isa = PBXFileReference; fileEncoding = 4; lastKnownFileType = sourcecode.javascript; path = platform.js; sourceTree = "<group>"; };
		4583EB841D5215D10071F778 /* www */ = {isa = PBXFileReference; lastKnownFileType = folder; path = www; sourceTree = "<group>"; };
		45F3F4081D5213F900932160 /* AppShell.app */ = {isa = PBXFileReference; explicitFileType = wrapper.application; includeInIndex = 0; path = AppShell.app; sourceTree = BUILT_PRODUCTS_DIR; };
		45F3F40B1D5213F900932160 /* AppDelegate.swift */ = {isa = PBXFileReference; lastKnownFileType = sourcecode.swift; path = AppDelegate.swift; sourceTree = "<group>"; };
		45F3F40D1D5213F900932160 /* ViewController.swift */ = {isa = PBXFileReference; lastKnownFileType = sourcecode.swift; path = ViewController.swift; sourceTree = "<group>"; };
		45F3F4101D5213F900932160 /* Base */ = {isa = PBXFileReference; lastKnownFileType = file.storyboard; name = Base; path = Base.lproj/Main.storyboard; sourceTree = "<group>"; };
		45F3F4131D5213F900932160 /* AppShell.xcdatamodel */ = {isa = PBXFileReference; lastKnownFileType = wrapper.xcdatamodel; path = AppShell.xcdatamodel; sourceTree = "<group>"; };
		45F3F4151D5213F900932160 /* Assets.xcassets */ = {isa = PBXFileReference; lastKnownFileType = folder.assetcatalog; path = Assets.xcassets; sourceTree = "<group>"; };
		45F3F4181D5213F900932160 /* Base */ = {isa = PBXFileReference; lastKnownFileType = file.storyboard; name = Base; path = Base.lproj/LaunchScreen.storyboard; sourceTree = "<group>"; };
		45F3F41A1D5213F900932160 /* Info.plist */ = {isa = PBXFileReference; lastKnownFileType = text.plist.xml; path = Info.plist; sourceTree = "<group>"; };
		45F3F41F1D5213F900932160 /* AppShellTests.xctest */ = {isa = PBXFileReference; explicitFileType = wrapper.cfbundle; includeInIndex = 0; path = AppShellTests.xctest; sourceTree = BUILT_PRODUCTS_DIR; };
		45F3F4231D5213F900932160 /* AppShellTests.swift */ = {isa = PBXFileReference; lastKnownFileType = sourcecode.swift; path = AppShellTests.swift; sourceTree = "<group>"; };
		45F3F4251D5213F900932160 /* Info.plist */ = {isa = PBXFileReference; lastKnownFileType = text.plist.xml; path = Info.plist; sourceTree = "<group>"; };
		45F3F42A1D5213F900932160 /* AppShellUITests.xctest */ = {isa = PBXFileReference; explicitFileType = wrapper.cfbundle; includeInIndex = 0; path = AppShellUITests.xctest; sourceTree = BUILT_PRODUCTS_DIR; };
		45F3F42E1D5213F900932160 /* AppShellUITests.swift */ = {isa = PBXFileReference; lastKnownFileType = sourcecode.swift; path = AppShellUITests.swift; sourceTree = "<group>"; };
		45F3F4301D5213F900932160 /* Info.plist */ = {isa = PBXFileReference; lastKnownFileType = text.plist.xml; path = Info.plist; sourceTree = "<group>"; };
/* End PBXFileReference section */

/* Begin PBXFrameworksBuildPhase section */
		45F3F4051D5213F900932160 /* Frameworks */ = {
			isa = PBXFrameworksBuildPhase;
			buildActionMask = 2147483647;
			files = (
			);
			runOnlyForDeploymentPostprocessing = 0;
		};
		45F3F41C1D5213F900932160 /* Frameworks */ = {
			isa = PBXFrameworksBuildPhase;
			buildActionMask = 2147483647;
			files = (
			);
			runOnlyForDeploymentPostprocessing = 0;
		};
		45F3F4271D5213F900932160 /* Frameworks */ = {
			isa = PBXFrameworksBuildPhase;
			buildActionMask = 2147483647;
			files = (
			);
			runOnlyForDeploymentPostprocessing = 0;
		};
/* End PBXFrameworksBuildPhase section */

/* Begin PBXGroup section */
		45F3F3FF1D5213F900932160 = {
			isa = PBXGroup;
			children = (
				4583EB831D5215D10071F778 /* platform.js */,
				4583EB841D5215D10071F778 /* www */,
				45F3F40A1D5213F900932160 /* AppShell */,
				45F3F4221D5213F900932160 /* AppShellTests */,
				45F3F42D1D5213F900932160 /* AppShellUITests */,
				45F3F4091D5213F900932160 /* Products */,
			);
			sourceTree = "<group>";
		};
		45F3F4091D5213F900932160 /* Products */ = {
			isa = PBXGroup;
			children = (
				45F3F4081D5213F900932160 /* AppShell.app */,
				45F3F41F1D5213F900932160 /* AppShellTests.xctest */,
				45F3F42A1D5213F900932160 /* AppShellUITests.xctest */,
			);
			name = Products;
			sourceTree = "<group>";
		};
		45F3F40A1D5213F900932160 /* AppShell */ = {
			isa = PBXGroup;
			children = (
				45F3F40B1D5213F900932160 /* AppDelegate.swift */,
				45F3F40D1D5213F900932160 /* ViewController.swift */,
				457486B01D6FAF0400BB97AE /* NavigationDelegate.swift */,
				457486AE1D6FA7A200BB97AE /* ScriptMessageHandler.swift */,
				45F3F40F1D5213F900932160 /* Main.storyboard */,
				45F3F4151D5213F900932160 /* Assets.xcassets */,
				45F3F4171D5213F900932160 /* LaunchScreen.storyboard */,
				45F3F41A1D5213F900932160 /* Info.plist */,
				45F3F4121D5213F900932160 /* AppShell.xcdatamodeld */,
			);
			path = AppShell;
			sourceTree = "<group>";
		};
		45F3F4221D5213F900932160 /* AppShellTests */ = {
			isa = PBXGroup;
			children = (
				45F3F4231D5213F900932160 /* AppShellTests.swift */,
				45F3F4251D5213F900932160 /* Info.plist */,
			);
			path = AppShellTests;
			sourceTree = "<group>";
		};
		45F3F42D1D5213F900932160 /* AppShellUITests */ = {
			isa = PBXGroup;
			children = (
				45F3F42E1D5213F900932160 /* AppShellUITests.swift */,
				45F3F4301D5213F900932160 /* Info.plist */,
			);
			path = AppShellUITests;
			sourceTree = "<group>";
		};
/* End PBXGroup section */

/* Begin PBXNativeTarget section */
		45F3F4071D5213F900932160 /* AppShell */ = {
			isa = PBXNativeTarget;
			buildConfigurationList = 45F3F4331D5213F900932160 /* Build configuration list for PBXNativeTarget "AppShell" */;
			buildPhases = (
				45F3F4041D5213F900932160 /* Sources */,
				45F3F4051D5213F900932160 /* Frameworks */,
				45F3F4061D5213F900932160 /* Resources */,
			);
			buildRules = (
			);
			dependencies = (
			);
			name = AppShell;
			productName = AppShell;
			productReference = 45F3F4081D5213F900932160 /* AppShell.app */;
			productType = "com.apple.product-type.application";
		};
		45F3F41E1D5213F900932160 /* AppShellTests */ = {
			isa = PBXNativeTarget;
			buildConfigurationList = 45F3F4361D5213F900932160 /* Build configuration list for PBXNativeTarget "AppShellTests" */;
			buildPhases = (
				45F3F41B1D5213F900932160 /* Sources */,
				45F3F41C1D5213F900932160 /* Frameworks */,
				45F3F41D1D5213F900932160 /* Resources */,
			);
			buildRules = (
			);
			dependencies = (
				45F3F4211D5213F900932160 /* PBXTargetDependency */,
			);
			name = AppShellTests;
			productName = AppShellTests;
			productReference = 45F3F41F1D5213F900932160 /* AppShellTests.xctest */;
			productType = "com.apple.product-type.bundle.unit-test";
		};
		45F3F4291D5213F900932160 /* AppShellUITests */ = {
			isa = PBXNativeTarget;
			buildConfigurationList = 45F3F4391D5213F900932160 /* Build configuration list for PBXNativeTarget "AppShellUITests" */;
			buildPhases = (
				45F3F4261D5213F900932160 /* Sources */,
				45F3F4271D5213F900932160 /* Frameworks */,
				45F3F4281D5213F900932160 /* Resources */,
			);
			buildRules = (
			);
			dependencies = (
				45F3F42C1D5213F900932160 /* PBXTargetDependency */,
			);
			name = AppShellUITests;
			productName = AppShellUITests;
			productReference = 45F3F42A1D5213F900932160 /* AppShellUITests.xctest */;
			productType = "com.apple.product-type.bundle.ui-testing";
		};
/* End PBXNativeTarget section */

/* Begin PBXProject section */
		45F3F4001D5213F900932160 /* Project object */ = {
			isa = PBXProject;
			attributes = {
				LastSwiftUpdateCheck = 0730;
				LastUpgradeCheck = 0730;
				ORGANIZATIONNAME = "Julien Rouzieres";
				TargetAttributes = {
					45F3F4071D5213F900932160 = {
						CreatedOnToolsVersion = 7.3.1;
					};
					45F3F41E1D5213F900932160 = {
						CreatedOnToolsVersion = 7.3.1;
						TestTargetID = 45F3F4071D5213F900932160;
					};
					45F3F4291D5213F900932160 = {
						CreatedOnToolsVersion = 7.3.1;
						TestTargetID = 45F3F4071D5213F900932160;
					};
				};
			};
			buildConfigurationList = 45F3F4031D5213F900932160 /* Build configuration list for PBXProject "AppShell" */;
			compatibilityVersion = "Xcode 3.2";
			developmentRegion = English;
			hasScannedForEncodings = 0;
			knownRegions = (
				en,
				Base,
			);
			mainGroup = 45F3F3FF1D5213F900932160;
			productRefGroup = 45F3F4091D5213F900932160 /* Products */;
			projectDirPath = "";
			projectRoot = "";
			targets = (
				45F3F4071D5213F900932160 /* AppShell */,
				45F3F41E1D5213F900932160 /* AppShellTests */,
				45F3F4291D5213F900932160 /* AppShellUITests */,
			);
		};
/* End PBXProject section */

/* Begin PBXResourcesBuildPhase section */
		45F3F4061D5213F900932160 /* Resources */ = {
			isa = PBXResourcesBuildPhase;
			buildActionMask = 2147483647;
			files = (
				45F3F4191D5213F900932160 /* LaunchScreen.storyboard in Resources */,
				45F3F4161D5213F900932160 /* Assets.xcassets in Resources */,
				45F3F4111D5213F900932160 /* Main.storyboard in Resources */,
				4583EB861D5215D10071F778 /* www in Resources */,
				4583EB851D5215D10071F778 /* platform.js in Resources */,
			);
			runOnlyForDeploymentPostprocessing = 0;
		};
		45F3F41D1D5213F900932160 /* Resources */ = {
			isa = PBXResourcesBuildPhase;
			buildActionMask = 2147483647;
			files = (
			);
			runOnlyForDeploymentPostprocessing = 0;
		};
		45F3F4281D5213F900932160 /* Resources */ = {
			isa = PBXResourcesBuildPhase;
			buildActionMask = 2147483647;
			files = (
			);
			runOnlyForDeploymentPostprocessing = 0;
		};
/* End PBXResourcesBuildPhase section */

/* Begin PBXSourcesBuildPhase section */
		45F3F4041D5213F900932160 /* Sources */ = {
			isa = PBXSourcesBuildPhase;
			buildActionMask = 2147483647;
			files = (
				45F3F40E1D5213F900932160 /* ViewController.swift in Sources */,
				457486B11D6FAF0400BB97AE /* NavigationDelegate.swift in Sources */,
				457486AF1D6FA7A200BB97AE /* ScriptMessageHandler.swift in Sources */,
				45F3F40C1D5213F900932160 /* AppDelegate.swift in Sources */,
				45F3F4141D5213F900932160 /* AppShell.xcdatamodeld in Sources */,
			);
			runOnlyForDeploymentPostprocessing = 0;
		};
		45F3F41B1D5213F900932160 /* Sources */ = {
			isa = PBXSourcesBuildPhase;
			buildActionMask = 2147483647;
			files = (
				45F3F4241D5213F900932160 /* AppShellTests.swift in Sources */,
			);
			runOnlyForDeploymentPostprocessing = 0;
		};
		45F3F4261D5213F900932160 /* Sources */ = {
			isa = PBXSourcesBuildPhase;
			buildActionMask = 2147483647;
			files = (
				45F3F42F1D5213F900932160 /* AppShellUITests.swift in Sources */,
			);
			runOnlyForDeploymentPostprocessing = 0;
		};
/* End PBXSourcesBuildPhase section */

/* Begin PBXTargetDependency section */
		45F3F4211D5213F900932160 /* PBXTargetDependency */ = {
			isa = PBXTargetDependency;
			target = 45F3F4071D5213F900932160 /* AppShell */;
			targetProxy = 45F3F4201D5213F900932160 /* PBXContainerItemProxy */;
		};
		45F3F42C1D5213F900932160 /* PBXTargetDependency */ = {
			isa = PBXTargetDependency;
			target = 45F3F4071D5213F900932160 /* AppShell */;
			targetProxy = 45F3F42B1D5213F900932160 /* PBXContainerItemProxy */;
		};
/* End PBXTargetDependency section */

/* Begin PBXVariantGroup section */
		45F3F40F1D5213F900932160 /* Main.storyboard */ = {
			isa = PBXVariantGroup;
			children = (
				45F3F4101D5213F900932160 /* Base */,
			);
			name = Main.storyboard;
			sourceTree = "<group>";
		};
		45F3F4171D5213F900932160 /* LaunchScreen.storyboard */ = {
			isa = PBXVariantGroup;
			children = (
				45F3F4181D5213F900932160 /* Base */,
			);
			name = LaunchScreen.storyboard;
			sourceTree = "<group>";
		};
/* End PBXVariantGroup section */

/* Begin XCBuildConfiguration section */
		45F3F4311D5213F900932160 /* Debug */ = {
			isa = XCBuildConfiguration;
			buildSettings = {
				ALWAYS_SEARCH_USER_PATHS = NO;
				CLANG_ANALYZER_NONNULL = YES;
				CLANG_CXX_LANGUAGE_STANDARD = "gnu++0x";
				CLANG_CXX_LIBRARY = "libc++";
				CLANG_ENABLE_MODULES = YES;
				CLANG_ENABLE_OBJC_ARC = YES;
				CLANG_WARN_BOOL_CONVERSION = YES;
				CLANG_WARN_CONSTANT_CONVERSION = YES;
				CLANG_WARN_DIRECT_OBJC_ISA_USAGE = YES_ERROR;
				CLANG_WARN_EMPTY_BODY = YES;
				CLANG_WARN_ENUM_CONVERSION = YES;
				CLANG_WARN_INT_CONVERSION = YES;
				CLANG_WARN_OBJC_ROOT_CLASS = YES_ERROR;
				CLANG_WARN_UNREACHABLE_CODE = YES;
				CLANG_WARN__DUPLICATE_METHOD_MATCH = YES;
				"CODE_SIGN_IDENTITY[sdk=iphoneos*]" = "iPhone Developer";
				COPY_PHASE_STRIP = NO;
				DEBUG_INFORMATION_FORMAT = dwarf;
				ENABLE_STRICT_OBJC_MSGSEND = YES;
				ENABLE_TESTABILITY = YES;
				GCC_C_LANGUAGE_STANDARD = gnu99;
				GCC_DYNAMIC_NO_PIC = NO;
				GCC_NO_COMMON_BLOCKS = YES;
				GCC_OPTIMIZATION_LEVEL = 0;
				GCC_PREPROCESSOR_DEFINITIONS = (
					"DEBUG=1",
					"$(inherited)",
				);
				GCC_WARN_64_TO_32_BIT_CONVERSION = YES;
				GCC_WARN_ABOUT_RETURN_TYPE = YES_ERROR;
				GCC_WARN_UNDECLARED_SELECTOR = YES;
				GCC_WARN_UNINITIALIZED_AUTOS = YES_AGGRESSIVE;
				GCC_WARN_UNUSED_FUNCTION = YES;
				GCC_WARN_UNUSED_VARIABLE = YES;
				IPHONEOS_DEPLOYMENT_TARGET = 9.3;
				MTL_ENABLE_DEBUG_INFO = YES;
				ONLY_ACTIVE_ARCH = YES;
				SDKROOT = iphoneos;
				SWIFT_OPTIMIZATION_LEVEL = "-Onone";
				TARGETED_DEVICE_FAMILY = "1,2";
			};
			name = Debug;
		};
		45F3F4321D5213F900932160 /* Release */ = {
			isa = XCBuildConfiguration;
			buildSettings = {
				ALWAYS_SEARCH_USER_PATHS = NO;
				CLANG_ANALYZER_NONNULL = YES;
				CLANG_CXX_LANGUAGE_STANDARD = "gnu++0x";
				CLANG_CXX_LIBRARY = "libc++";
				CLANG_ENABLE_MODULES = YES;
				CLANG_ENABLE_OBJC_ARC = YES;
				CLANG_WARN_BOOL_CONVERSION = YES;
				CLANG_WARN_CONSTANT_CONVERSION = YES;
				CLANG_WARN_DIRECT_OBJC_ISA_USAGE = YES_ERROR;
				CLANG_WARN_EMPTY_BODY = YES;
				CLANG_WARN_ENUM_CONVERSION = YES;
				CLANG_WARN_INT_CONVERSION = YES;
				CLANG_WARN_OBJC_ROOT_CLASS = YES_ERROR;
				CLANG_WARN_UNREACHABLE_CODE = YES;
				CLANG_WARN__DUPLICATE_METHOD_MATCH = YES;
				"CODE_SIGN_IDENTITY[sdk=iphoneos*]" = "iPhone Developer";
				COPY_PHASE_STRIP = NO;
				DEBUG_INFORMATION_FORMAT = "dwarf-with-dsym";
				ENABLE_NS_ASSERTIONS = NO;
				ENABLE_STRICT_OBJC_MSGSEND = YES;
				GCC_C_LANGUAGE_STANDARD = gnu99;
				GCC_NO_COMMON_BLOCKS = YES;
				GCC_WARN_64_TO_32_BIT_CONVERSION = YES;
				GCC_WARN_ABOUT_RETURN_TYPE = YES_ERROR;
				GCC_WARN_UNDECLARED_SELECTOR = YES;
				GCC_WARN_UNINITIALIZED_AUTOS = YES_AGGRESSIVE;
				GCC_WARN_UNUSED_FUNCTION = YES;
				GCC_WARN_UNUSED_VARIABLE = YES;
				IPHONEOS_DEPLOYMENT_TARGET = 9.3;
				MTL_ENABLE_DEBUG_INFO = NO;
				SDKROOT = iphoneos;
				TARGETED_DEVICE_FAMILY = "1,2";
				VALIDATE_PRODUCT = YES;
			};
			name = Release;
		};
		45F3F4341D5213F900932160 /* Debug */ = {
			isa = XCBuildConfiguration;
			buildSettings = {
				ASSETCATALOG_COMPILER_APPICON_NAME = AppIcon;
				INFOPLIST_FILE = AppShell/Info.plist;
				LD_RUNPATH_SEARCH_PATHS = "$(inherited) @executable_path/Frameworks";
				PRODUCT_BUNDLE_IDENTIFIER = starter.AppShell;
				PRODUCT_NAME = "$(TARGET_NAME)";
			};
			name = Debug;
		};
		45F3F4351D5213F900932160 /* Release */ = {
			isa = XCBuildConfiguration;
			buildSettings = {
				ASSETCATALOG_COMPILER_APPICON_NAME = AppIcon;
				INFOPLIST_FILE = AppShell/Info.plist;
				LD_RUNPATH_SEARCH_PATHS = "$(inherited) @executable_path/Frameworks";
				PRODUCT_BUNDLE_IDENTIFIER = starter.AppShell;
				PRODUCT_NAME = "$(TARGET_NAME)";
			};
			name = Release;
		};
		45F3F4371D5213F900932160 /* Debug */ = {
			isa = XCBuildConfiguration;
			buildSettings = {
				BUNDLE_LOADER = "$(TEST_HOST)";
				INFOPLIST_FILE = AppShellTests/Info.plist;
				LD_RUNPATH_SEARCH_PATHS = "$(inherited) @executable_path/Frameworks @loader_path/Frameworks";
				PRODUCT_BUNDLE_IDENTIFIER = starter.AppShellTests;
				PRODUCT_NAME = "$(TARGET_NAME)";
				TEST_HOST = "$(BUILT_PRODUCTS_DIR)/AppShell.app/AppShell";
			};
			name = Debug;
		};
		45F3F4381D5213F900932160 /* Release */ = {
			isa = XCBuildConfiguration;
			buildSettings = {
				BUNDLE_LOADER = "$(TEST_HOST)";
				INFOPLIST_FILE = AppShellTests/Info.plist;
				LD_RUNPATH_SEARCH_PATHS = "$(inherited) @executable_path/Frameworks @loader_path/Frameworks";
				PRODUCT_BUNDLE_IDENTIFIER = starter.AppShellTests;
				PRODUCT_NAME = "$(TARGET_NAME)";
				TEST_HOST = "$(BUILT_PRODUCTS_DIR)/AppShell.app/AppShell";
			};
			name = Release;
		};
		45F3F43A1D5213F900932160 /* Debug */ = {
			isa = XCBuildConfiguration;
			buildSettings = {
				INFOPLIST_FILE = AppShellUITests/Info.plist;
				LD_RUNPATH_SEARCH_PATHS = "$(inherited) @executable_path/Frameworks @loader_path/Frameworks";
				PRODUCT_BUNDLE_IDENTIFIER = starter.AppShellUITests;
				PRODUCT_NAME = "$(TARGET_NAME)";
				TEST_TARGET_NAME = AppShell;
			};
			name = Debug;
		};
		45F3F43B1D5213F900932160 /* Release */ = {
			isa = XCBuildConfiguration;
			buildSettings = {
				INFOPLIST_FILE = AppShellUITests/Info.plist;
				LD_RUNPATH_SEARCH_PATHS = "$(inherited) @executable_path/Frameworks @loader_path/Frameworks";
				PRODUCT_BUNDLE_IDENTIFIER = starter.AppShellUITests;
				PRODUCT_NAME = "$(TARGET_NAME)";
				TEST_TARGET_NAME = AppShell;
			};
			name = Release;
		};
/* End XCBuildConfiguration section */

/* Begin XCConfigurationList section */
		45F3F4031D5213F900932160 /* Build configuration list for PBXProject "AppShell" */ = {
			isa = XCConfigurationList;
			buildConfigurations = (
				45F3F4311D5213F900932160 /* Debug */,
				45F3F4321D5213F900932160 /* Release */,
			);
			defaultConfigurationIsVisible = 0;
			defaultConfigurationName = Release;
		};
		45F3F4331D5213F900932160 /* Build configuration list for PBXNativeTarget "AppShell" */ = {
			isa = XCConfigurationList;
			buildConfigurations = (
				45F3F4341D5213F900932160 /* Debug */,
				45F3F4351D5213F900932160 /* Release */,
			);
			defaultConfigurationIsVisible = 0;
			defaultConfigurationName = Release;
		};
		45F3F4361D5213F900932160 /* Build configuration list for PBXNativeTarget "AppShellTests" */ = {
			isa = XCConfigurationList;
			buildConfigurations = (
				45F3F4371D5213F900932160 /* Debug */,
				45F3F4381D5213F900932160 /* Release */,
			);
			defaultConfigurationIsVisible = 0;
			defaultConfigurationName = Release;
		};
		45F3F4391D5213F900932160 /* Build configuration list for PBXNativeTarget "AppShellUITests" */ = {
			isa = XCConfigurationList;
			buildConfigurations = (
				45F3F43A1D5213F900932160 /* Debug */,
				45F3F43B1D5213F900932160 /* Release */,
			);
			defaultConfigurationIsVisible = 0;
			defaultConfigurationName = Release;
		};
/* End XCConfigurationList section */

/* Begin XCVersionGroup section */
		45F3F4121D5213F900932160 /* AppShell.xcdatamodeld */ = {
			isa = XCVersionGroup;
			children = (
				45F3F4131D5213F900932160 /* AppShell.xcdatamodel */,
			);
			currentVersion = 45F3F4131D5213F900932160 /* AppShell.xcdatamodel */;
			path = AppShell.xcdatamodeld;
			sourceTree = "<group>";
			versionGroupType = wrapper.xcdatamodel;
		};
/* End XCVersionGroup section */
	};
	rootObject = 45F3F4001D5213F900932160 /* Project object */;
}
